// !$*UTF8*$!
{
	archiveVersion = 1;
	classes = {
	};
	objectVersion = 46;
	objects = {

/* Begin PBXBuildFile section */
		A5409A2C1BDD307F0088E0A2 /* CardboardParams.swift in Sources */ = {isa = PBXBuildFile; fileRef = A5409A2B1BDD307F0088E0A2 /* CardboardParams.swift */; };
		A5409A2E1BDD31180088E0A2 /* FieldOfFiew.swift in Sources */ = {isa = PBXBuildFile; fileRef = A5409A2D1BDD31180088E0A2 /* FieldOfFiew.swift */; };
		A5409A301BDD353A0088E0A2 /* ScreenParams.swift in Sources */ = {isa = PBXBuildFile; fileRef = A5409A2F1BDD353A0088E0A2 /* ScreenParams.swift */; };
		A59F67951BDC29A8004559A7 /* GoogleCardboardParser.h in Headers */ = {isa = PBXBuildFile; fileRef = A59F67941BDC29A8004559A7 /* GoogleCardboardParser.h */; settings = {ATTRIBUTES = (Public, ); }; };
		A59F679C1BDC29A8004559A7 /* GoogleCardboardParser.framework in Frameworks */ = {isa = PBXBuildFile; fileRef = A59F67911BDC29A8004559A7 /* GoogleCardboardParser.framework */; };
		A59F67A11BDC29A8004559A7 /* GoogleCardboardParserTests.swift in Sources */ = {isa = PBXBuildFile; fileRef = A59F67A01BDC29A8004559A7 /* GoogleCardboardParserTests.swift */; };
		A59F67AE1BDC2B66004559A7 /* Headset.proto in Resources */ = {isa = PBXBuildFile; fileRef = A59F67AD1BDC2B66004559A7 /* Headset.proto */; };
		A59F67B61BDC2F38004559A7 /* Headset.proto.swift in Sources */ = {isa = PBXBuildFile; fileRef = A59F67B51BDC2F38004559A7 /* Headset.proto.swift */; };
		A59F67B91BDC325C004559A7 /* ProtocolBuffers.framework in Frameworks */ = {isa = PBXBuildFile; fileRef = A59F67B31BDC2EFA004559A7 /* ProtocolBuffers.framework */; };
		A59F67BE1BDC4748004559A7 /* UrlResolver.swift in Sources */ = {isa = PBXBuildFile; fileRef = A59F67BD1BDC4748004559A7 /* UrlResolver.swift */; };
		A5F8F7681BDE3C5000CAD4E6 /* CardboardFactory.swift in Sources */ = {isa = PBXBuildFile; fileRef = A5F8F7671BDE3C5000CAD4E6 /* CardboardFactory.swift */; };
/* End PBXBuildFile section */

/* Begin PBXContainerItemProxy section */
		A59F679D1BDC29A8004559A7 /* PBXContainerItemProxy */ = {
			isa = PBXContainerItemProxy;
			containerPortal = A59F67881BDC29A8004559A7 /* Project object */;
			proxyType = 1;
			remoteGlobalIDString = A59F67901BDC29A8004559A7;
			remoteInfo = GoogleCardboardParser;
		};
/* End PBXContainerItemProxy section */

/* Begin PBXFileReference section */
		A5409A2B1BDD307F0088E0A2 /* CardboardParams.swift */ = {isa = PBXFileReference; fileEncoding = 4; lastKnownFileType = sourcecode.swift; path = CardboardParams.swift; sourceTree = "<group>"; };
		A5409A2D1BDD31180088E0A2 /* FieldOfFiew.swift */ = {isa = PBXFileReference; fileEncoding = 4; lastKnownFileType = sourcecode.swift; path = FieldOfFiew.swift; sourceTree = "<group>"; };
		A5409A2F1BDD353A0088E0A2 /* ScreenParams.swift */ = {isa = PBXFileReference; fileEncoding = 4; lastKnownFileType = sourcecode.swift; path = ScreenParams.swift; sourceTree = "<group>"; };
		A59F67911BDC29A8004559A7 /* GoogleCardboardParser.framework */ = {isa = PBXFileReference; explicitFileType = wrapper.framework; includeInIndex = 0; path = GoogleCardboardParser.framework; sourceTree = BUILT_PRODUCTS_DIR; };
		A59F67941BDC29A8004559A7 /* GoogleCardboardParser.h */ = {isa = PBXFileReference; lastKnownFileType = sourcecode.c.h; path = GoogleCardboardParser.h; sourceTree = "<group>"; };
		A59F67961BDC29A8004559A7 /* Info.plist */ = {isa = PBXFileReference; lastKnownFileType = text.plist.xml; path = Info.plist; sourceTree = "<group>"; };
		A59F679B1BDC29A8004559A7 /* GoogleCardboardParserTests.xctest */ = {isa = PBXFileReference; explicitFileType = wrapper.cfbundle; includeInIndex = 0; path = GoogleCardboardParserTests.xctest; sourceTree = BUILT_PRODUCTS_DIR; };
		A59F67A01BDC29A8004559A7 /* GoogleCardboardParserTests.swift */ = {isa = PBXFileReference; lastKnownFileType = sourcecode.swift; path = GoogleCardboardParserTests.swift; sourceTree = "<group>"; };
		A59F67A21BDC29A8004559A7 /* Info.plist */ = {isa = PBXFileReference; lastKnownFileType = text.plist.xml; path = Info.plist; sourceTree = "<group>"; };
		A59F67AD1BDC2B66004559A7 /* Headset.proto */ = {isa = PBXFileReference; fileEncoding = 4; lastKnownFileType = text; path = Headset.proto; sourceTree = "<group>"; };
		A59F67B31BDC2EFA004559A7 /* ProtocolBuffers.framework */ = {isa = PBXFileReference; lastKnownFileType = wrapper.framework; name = ProtocolBuffers.framework; path = Carthage/Build/iOS/ProtocolBuffers.framework; sourceTree = "<group>"; };
		A59F67B51BDC2F38004559A7 /* Headset.proto.swift */ = {isa = PBXFileReference; fileEncoding = 4; lastKnownFileType = sourcecode.swift; path = Headset.proto.swift; sourceTree = "<group>"; };
		A59F67B71BDC320E004559A7 /* ProtocolBuffers.framework */ = {isa = PBXFileReference; lastKnownFileType = wrapper.framework; name = ProtocolBuffers.framework; path = Carthage/Build/Mac/ProtocolBuffers.framework; sourceTree = "<group>"; };
		A59F67BD1BDC4748004559A7 /* UrlResolver.swift */ = {isa = PBXFileReference; fileEncoding = 4; lastKnownFileType = sourcecode.swift; path = UrlResolver.swift; sourceTree = "<group>"; };
		A5F8F7671BDE3C5000CAD4E6 /* CardboardFactory.swift */ = {isa = PBXFileReference; fileEncoding = 4; lastKnownFileType = sourcecode.swift; path = CardboardFactory.swift; sourceTree = "<group>"; };
/* End PBXFileReference section */

/* Begin PBXFrameworksBuildPhase section */
		A59F678D1BDC29A8004559A7 /* Frameworks */ = {
			isa = PBXFrameworksBuildPhase;
			buildActionMask = 2147483647;
			files = (
				A59F67B91BDC325C004559A7 /* ProtocolBuffers.framework in Frameworks */,
			);
			runOnlyForDeploymentPostprocessing = 0;
		};
		A59F67981BDC29A8004559A7 /* Frameworks */ = {
			isa = PBXFrameworksBuildPhase;
			buildActionMask = 2147483647;
			files = (
				A59F679C1BDC29A8004559A7 /* GoogleCardboardParser.framework in Frameworks */,
			);
			runOnlyForDeploymentPostprocessing = 0;
		};
/* End PBXFrameworksBuildPhase section */

/* Begin PBXGroup section */
		A59F67871BDC29A8004559A7 = {
			isa = PBXGroup;
			children = (
				A59F67B71BDC320E004559A7 /* ProtocolBuffers.framework */,
				A59F67B31BDC2EFA004559A7 /* ProtocolBuffers.framework */,
				A59F67931BDC29A8004559A7 /* GoogleCardboardParser */,
				A59F679F1BDC29A8004559A7 /* GoogleCardboardParserTests */,
				A59F67921BDC29A8004559A7 /* Products */,
			);
			sourceTree = "<group>";
		};
		A59F67921BDC29A8004559A7 /* Products */ = {
			isa = PBXGroup;
			children = (
				A59F67911BDC29A8004559A7 /* GoogleCardboardParser.framework */,
				A59F679B1BDC29A8004559A7 /* GoogleCardboardParserTests.xctest */,
			);
			name = Products;
			sourceTree = "<group>";
		};
		A59F67931BDC29A8004559A7 /* GoogleCardboardParser */ = {
			isa = PBXGroup;
			children = (
				A59F67BD1BDC4748004559A7 /* UrlResolver.swift */,
				A59F67AC1BDC2B5D004559A7 /* Proto */,
				A59F67941BDC29A8004559A7 /* GoogleCardboardParser.h */,
				A59F67961BDC29A8004559A7 /* Info.plist */,
				A5409A2B1BDD307F0088E0A2 /* CardboardParams.swift */,
				A5409A2D1BDD31180088E0A2 /* FieldOfFiew.swift */,
				A5409A2F1BDD353A0088E0A2 /* ScreenParams.swift */,
				A5F8F7671BDE3C5000CAD4E6 /* CardboardFactory.swift */,
			);
			path = GoogleCardboardParser;
			sourceTree = "<group>";
		};
		A59F679F1BDC29A8004559A7 /* GoogleCardboardParserTests */ = {
			isa = PBXGroup;
			children = (
				A59F67A01BDC29A8004559A7 /* GoogleCardboardParserTests.swift */,
				A59F67A21BDC29A8004559A7 /* Info.plist */,
			);
			path = GoogleCardboardParserTests;
			sourceTree = "<group>";
		};
		A59F67AC1BDC2B5D004559A7 /* Proto */ = {
			isa = PBXGroup;
			children = (
				A59F67B51BDC2F38004559A7 /* Headset.proto.swift */,
				A59F67AD1BDC2B66004559A7 /* Headset.proto */,
			);
			path = Proto;
			sourceTree = "<group>";
		};
/* End PBXGroup section */

/* Begin PBXHeadersBuildPhase section */
		A59F678E1BDC29A8004559A7 /* Headers */ = {
			isa = PBXHeadersBuildPhase;
			buildActionMask = 2147483647;
			files = (
				A59F67951BDC29A8004559A7 /* GoogleCardboardParser.h in Headers */,
			);
			runOnlyForDeploymentPostprocessing = 0;
		};
/* End PBXHeadersBuildPhase section */

/* Begin PBXNativeTarget section */
		A59F67901BDC29A8004559A7 /* GoogleCardboardParser */ = {
			isa = PBXNativeTarget;
			buildConfigurationList = A59F67A51BDC29A8004559A7 /* Build configuration list for PBXNativeTarget "GoogleCardboardParser" */;
			buildPhases = (
				A59F678C1BDC29A8004559A7 /* Sources */,
				A59F678D1BDC29A8004559A7 /* Frameworks */,
				A59F678E1BDC29A8004559A7 /* Headers */,
				A59F678F1BDC29A8004559A7 /* Resources */,
				A59F67BA1BDC32B3004559A7 /* Carthage */,
			);
			buildRules = (
			);
			dependencies = (
			);
			name = GoogleCardboardParser;
			productName = GoogleCardboardParser;
			productReference = A59F67911BDC29A8004559A7 /* GoogleCardboardParser.framework */;
			productType = "com.apple.product-type.framework";
		};
		A59F679A1BDC29A8004559A7 /* GoogleCardboardParserTests */ = {
			isa = PBXNativeTarget;
			buildConfigurationList = A59F67A81BDC29A8004559A7 /* Build configuration list for PBXNativeTarget "GoogleCardboardParserTests" */;
			buildPhases = (
				A59F67971BDC29A8004559A7 /* Sources */,
				A59F67981BDC29A8004559A7 /* Frameworks */,
				A59F67991BDC29A8004559A7 /* Resources */,
			);
			buildRules = (
			);
			dependencies = (
				A59F679E1BDC29A8004559A7 /* PBXTargetDependency */,
			);
			name = GoogleCardboardParserTests;
			productName = GoogleCardboardParserTests;
			productReference = A59F679B1BDC29A8004559A7 /* GoogleCardboardParserTests.xctest */;
			productType = "com.apple.product-type.bundle.unit-test";
		};
/* End PBXNativeTarget section */

/* Begin PBXProject section */
		A59F67881BDC29A8004559A7 /* Project object */ = {
			isa = PBXProject;
			attributes = {
				LastSwiftUpdateCheck = 0700;
				LastUpgradeCheck = 0700;
				ORGANIZATIONNAME = Optonaut;
				TargetAttributes = {
					A59F67901BDC29A8004559A7 = {
						CreatedOnToolsVersion = 7.0;
					};
					A59F679A1BDC29A8004559A7 = {
						CreatedOnToolsVersion = 7.0;
					};
				};
			};
			buildConfigurationList = A59F678B1BDC29A8004559A7 /* Build configuration list for PBXProject "GoogleCardboardParser" */;
			compatibilityVersion = "Xcode 3.2";
			developmentRegion = English;
			hasScannedForEncodings = 0;
			knownRegions = (
				en,
			);
			mainGroup = A59F67871BDC29A8004559A7;
			productRefGroup = A59F67921BDC29A8004559A7 /* Products */;
			projectDirPath = "";
			projectRoot = "";
			targets = (
				A59F67901BDC29A8004559A7 /* GoogleCardboardParser */,
				A59F679A1BDC29A8004559A7 /* GoogleCardboardParserTests */,
			);
		};
/* End PBXProject section */

/* Begin PBXResourcesBuildPhase section */
		A59F678F1BDC29A8004559A7 /* Resources */ = {
			isa = PBXResourcesBuildPhase;
			buildActionMask = 2147483647;
			files = (
				A59F67AE1BDC2B66004559A7 /* Headset.proto in Resources */,
			);
			runOnlyForDeploymentPostprocessing = 0;
		};
		A59F67991BDC29A8004559A7 /* Resources */ = {
			isa = PBXResourcesBuildPhase;
			buildActionMask = 2147483647;
			files = (
			);
			runOnlyForDeploymentPostprocessing = 0;
		};
/* End PBXResourcesBuildPhase section */

/* Begin PBXShellScriptBuildPhase section */
		A59F67BA1BDC32B3004559A7 /* Carthage */ = {
			isa = PBXShellScriptBuildPhase;
			buildActionMask = 2147483647;
			files = (
			);
			inputPaths = (
				"$(SRCROOT)/Carthage/build/iOS/ProtocolBuffers.framework",
			);
			name = Carthage;
			outputPaths = (
			);
			runOnlyForDeploymentPostprocessing = 0;
			shellPath = /bin/sh;
			shellScript = "/usr/local/bin/carthage copy-frameworks";
		};
/* End PBXShellScriptBuildPhase section */

/* Begin PBXSourcesBuildPhase section */
		A59F678C1BDC29A8004559A7 /* Sources */ = {
			isa = PBXSourcesBuildPhase;
			buildActionMask = 2147483647;
			files = (
				A5409A301BDD353A0088E0A2 /* ScreenParams.swift in Sources */,
				A5409A2E1BDD31180088E0A2 /* FieldOfFiew.swift in Sources */,
				A59F67B61BDC2F38004559A7 /* Headset.proto.swift in Sources */,
				A5409A2C1BDD307F0088E0A2 /* CardboardParams.swift in Sources */,
				A59F67BE1BDC4748004559A7 /* UrlResolver.swift in Sources */,
				A5F8F7681BDE3C5000CAD4E6 /* CardboardFactory.swift in Sources */,
			);
			runOnlyForDeploymentPostprocessing = 0;
		};
		A59F67971BDC29A8004559A7 /* Sources */ = {
			isa = PBXSourcesBuildPhase;
			buildActionMask = 2147483647;
			files = (
				A59F67A11BDC29A8004559A7 /* GoogleCardboardParserTests.swift in Sources */,
			);
			runOnlyForDeploymentPostprocessing = 0;
		};
/* End PBXSourcesBuildPhase section */

/* Begin PBXTargetDependency section */
		A59F679E1BDC29A8004559A7 /* PBXTargetDependency */ = {
			isa = PBXTargetDependency;
			target = A59F67901BDC29A8004559A7 /* GoogleCardboardParser */;
			targetProxy = A59F679D1BDC29A8004559A7 /* PBXContainerItemProxy */;
		};
/* End PBXTargetDependency section */

/* Begin XCBuildConfiguration section */
		A59F67A31BDC29A8004559A7 /* Debug */ = {
			isa = XCBuildConfiguration;
			buildSettings = {
				ALWAYS_SEARCH_USER_PATHS = NO;
				CLANG_CXX_LANGUAGE_STANDARD = "gnu++0x";
				CLANG_CXX_LIBRARY = "libc++";
				CLANG_ENABLE_MODULES = YES;
				CLANG_ENABLE_OBJC_ARC = YES;
				CLANG_WARN_BOOL_CONVERSION = YES;
				CLANG_WARN_CONSTANT_CONVERSION = YES;
				CLANG_WARN_DIRECT_OBJC_ISA_USAGE = YES_ERROR;
				CLANG_WARN_EMPTY_BODY = YES;
				CLANG_WARN_ENUM_CONVERSION = YES;
				CLANG_WARN_INT_CONVERSION = YES;
				CLANG_WARN_OBJC_ROOT_CLASS = YES_ERROR;
				CLANG_WARN_UNREACHABLE_CODE = YES;
				CLANG_WARN__DUPLICATE_METHOD_MATCH = YES;
				"CODE_SIGN_IDENTITY[sdk=iphoneos*]" = "iPhone Developer";
				COPY_PHASE_STRIP = NO;
				CURRENT_PROJECT_VERSION = 1;
				DEBUG_INFORMATION_FORMAT = dwarf;
				ENABLE_STRICT_OBJC_MSGSEND = YES;
				ENABLE_TESTABILITY = YES;
				GCC_C_LANGUAGE_STANDARD = gnu99;
				GCC_DYNAMIC_NO_PIC = NO;
				GCC_NO_COMMON_BLOCKS = YES;
				GCC_OPTIMIZATION_LEVEL = 0;
				GCC_PREPROCESSOR_DEFINITIONS = (
					"DEBUG=1",
					"$(inherited)",
				);
				GCC_WARN_64_TO_32_BIT_CONVERSION = YES;
				GCC_WARN_ABOUT_RETURN_TYPE = YES_ERROR;
				GCC_WARN_UNDECLARED_SELECTOR = YES;
				GCC_WARN_UNINITIALIZED_AUTOS = YES_AGGRESSIVE;
				GCC_WARN_UNUSED_FUNCTION = YES;
				GCC_WARN_UNUSED_VARIABLE = YES;
				IPHONEOS_DEPLOYMENT_TARGET = 9.0;
				MTL_ENABLE_DEBUG_INFO = YES;
				ONLY_ACTIVE_ARCH = YES;
				SDKROOT = iphoneos;
				SWIFT_OPTIMIZATION_LEVEL = "-Onone";
				TARGETED_DEVICE_FAMILY = "1,2";
				VERSIONING_SYSTEM = "apple-generic";
				VERSION_INFO_PREFIX = "";
			};
			name = Debug;
		};
		A59F67A41BDC29A8004559A7 /* Release */ = {
			isa = XCBuildConfiguration;
			buildSettings = {
				ALWAYS_SEARCH_USER_PATHS = NO;
				CLANG_CXX_LANGUAGE_STANDARD = "gnu++0x";
				CLANG_CXX_LIBRARY = "libc++";
				CLANG_ENABLE_MODULES = YES;
				CLANG_ENABLE_OBJC_ARC = YES;
				CLANG_WARN_BOOL_CONVERSION = YES;
				CLANG_WARN_CONSTANT_CONVERSION = YES;
				CLANG_WARN_DIRECT_OBJC_ISA_USAGE = YES_ERROR;
				CLANG_WARN_EMPTY_BODY = YES;
				CLANG_WARN_ENUM_CONVERSION = YES;
				CLANG_WARN_INT_CONVERSION = YES;
				CLANG_WARN_OBJC_ROOT_CLASS = YES_ERROR;
				CLANG_WARN_UNREACHABLE_CODE = YES;
				CLANG_WARN__DUPLICATE_METHOD_MATCH = YES;
				"CODE_SIGN_IDENTITY[sdk=iphoneos*]" = "iPhone Developer";
				COPY_PHASE_STRIP = NO;
				CURRENT_PROJECT_VERSION = 1;
				DEBUG_INFORMATION_FORMAT = "dwarf-with-dsym";
				ENABLE_NS_ASSERTIONS = NO;
				ENABLE_STRICT_OBJC_MSGSEND = YES;
				GCC_C_LANGUAGE_STANDARD = gnu99;
				GCC_NO_COMMON_BLOCKS = YES;
				GCC_WARN_64_TO_32_BIT_CONVERSION = YES;
				GCC_WARN_ABOUT_RETURN_TYPE = YES_ERROR;
				GCC_WARN_UNDECLARED_SELECTOR = YES;
				GCC_WARN_UNINITIALIZED_AUTOS = YES_AGGRESSIVE;
				GCC_WARN_UNUSED_FUNCTION = YES;
				GCC_WARN_UNUSED_VARIABLE = YES;
				IPHONEOS_DEPLOYMENT_TARGET = 9.0;
				MTL_ENABLE_DEBUG_INFO = NO;
				SDKROOT = iphoneos;
				TARGETED_DEVICE_FAMILY = "1,2";
				VALIDATE_PRODUCT = YES;
				VERSIONING_SYSTEM = "apple-generic";
				VERSION_INFO_PREFIX = "";
			};
			name = Release;
		};
		A59F67A61BDC29A8004559A7 /* Debug */ = {
			isa = XCBuildConfiguration;
			buildSettings = {
				CLANG_ENABLE_MODULES = YES;
				DEFINES_MODULE = YES;
				DYLIB_COMPATIBILITY_VERSION = 1;
				DYLIB_CURRENT_VERSION = 1;
				DYLIB_INSTALL_NAME_BASE = "@rpath";
				FRAMEWORK_SEARCH_PATHS = (
					"$(inherited)",
					"$(PROJECT_DIR)/Carthage/Build/iOS",
					"$(PROJECT_DIR)/Carthage/Build/Mac",
				);
				INFOPLIST_FILE = GoogleCardboardParser/Info.plist;
				INSTALL_PATH = "$(LOCAL_LIBRARY_DIR)/Frameworks";
				IPHONEOS_DEPLOYMENT_TARGET = 8.0;
				LD_RUNPATH_SEARCH_PATHS = "$(inherited) @executable_path/Frameworks @loader_path/Frameworks";
				PRODUCT_BUNDLE_IDENTIFIER = optonaut.GoogleCardboardParser;
				PRODUCT_NAME = "$(TARGET_NAME)";
				SKIP_INSTALL = YES;
				SWIFT_OPTIMIZATION_LEVEL = "-Onone";
			};
			name = Debug;
		};
		A59F67A71BDC29A8004559A7 /* Release */ = {
			isa = XCBuildConfiguration;
			buildSettings = {
				CLANG_ENABLE_MODULES = YES;
				DEFINES_MODULE = YES;
				DYLIB_COMPATIBILITY_VERSION = 1;
				DYLIB_CURRENT_VERSION = 1;
				DYLIB_INSTALL_NAME_BASE = "@rpath";
				FRAMEWORK_SEARCH_PATHS = (
					"$(inherited)",
					"$(PROJECT_DIR)/Carthage/Build/iOS",
					"$(PROJECT_DIR)/Carthage/Build/Mac",
				);
				INFOPLIST_FILE = GoogleCardboardParser/Info.plist;
				INSTALL_PATH = "$(LOCAL_LIBRARY_DIR)/Frameworks";
				IPHONEOS_DEPLOYMENT_TARGET = 8.0;
				LD_RUNPATH_SEARCH_PATHS = "$(inherited) @executable_path/Frameworks @loader_path/Frameworks";
				PRODUCT_BUNDLE_IDENTIFIER = optonaut.GoogleCardboardParser;
				PRODUCT_NAME = "$(TARGET_NAME)";
				SKIP_INSTALL = YES;
			};
			name = Release;
		};
		A59F67A91BDC29A8004559A7 /* Debug */ = {
			isa = XCBuildConfiguration;
			buildSettings = {
				INFOPLIST_FILE = GoogleCardboardParserTests/Info.plist;
				LD_RUNPATH_SEARCH_PATHS = "$(inherited) @executable_path/Frameworks @loader_path/Frameworks";
				PRODUCT_BUNDLE_IDENTIFIER = optonaut.GoogleCardboardParserTests;
				PRODUCT_NAME = "$(TARGET_NAME)";
			};
			name = Debug;
		};
		A59F67AA1BDC29A8004559A7 /* Release */ = {
			isa = XCBuildConfiguration;
			buildSettings = {
				INFOPLIST_FILE = GoogleCardboardParserTests/Info.plist;
				LD_RUNPATH_SEARCH_PATHS = "$(inherited) @executable_path/Frameworks @loader_path/Frameworks";
				PRODUCT_BUNDLE_IDENTIFIER = optonaut.GoogleCardboardParserTests;
				PRODUCT_NAME = "$(TARGET_NAME)";
			};
			name = Release;
		};
/* End XCBuildConfiguration section */

/* Begin XCConfigurationList section */
		A59F678B1BDC29A8004559A7 /* Build configuration list for PBXProject "GoogleCardboardParser" */ = {
			isa = XCConfigurationList;
			buildConfigurations = (
				A59F67A31BDC29A8004559A7 /* Debug */,
				A59F67A41BDC29A8004559A7 /* Release */,
			);
			defaultConfigurationIsVisible = 0;
			defaultConfigurationName = Release;
		};
		A59F67A51BDC29A8004559A7 /* Build configuration list for PBXNativeTarget "GoogleCardboardParser" */ = {
			isa = XCConfigurationList;
			buildConfigurations = (
				A59F67A61BDC29A8004559A7 /* Debug */,
				A59F67A71BDC29A8004559A7 /* Release */,
			);
			defaultConfigurationIsVisible = 0;
			defaultConfigurationName = Release;
		};
		A59F67A81BDC29A8004559A7 /* Build configuration list for PBXNativeTarget "GoogleCardboardParserTests" */ = {
			isa = XCConfigurationList;
			buildConfigurations = (
				A59F67A91BDC29A8004559A7 /* Debug */,
				A59F67AA1BDC29A8004559A7 /* Release */,
			);
			defaultConfigurationIsVisible = 0;
			defaultConfigurationName = Release;
		};
/* End XCConfigurationList section */
	};
	rootObject = A59F67881BDC29A8004559A7 /* Project object */;
}
